
Microsoft Visual Studio Solution File, Format Version 12.00
# Visual Studio 15
VisualStudioVersion = 15.0.26430.13
MinimumVisualStudioVersion = 10.0.40219.1
Project("{8BC9CEB8-8B4A-11D0-8D11-00A0C91BC942}") = "ActiveWarSimulation", "ActiveWarSimulation\ActiveWarSimulation.vcxproj", "{D2C41716-A31B-4F2D-8AEA-50C5AAF466A3}"
EndProject
Project("{8BC9CEB8-8B4A-11D0-8D11-00A0C91BC942}") = "FieldBase", "FieldBase\FieldBase.vcxproj", "{2C57A1B9-D72A-4343-A201-BDDB4667E9EB}"
EndProject
Global
	GlobalSection(SolutionConfigurationPlatforms) = preSolution
		Debug|x64 = Debug|x64
		Debug|x86 = Debug|x86
		Release|x64 = Release|x64
		Release|x86 = Release|x86
	EndGlobalSection
	GlobalSection(ProjectConfigurationPlatforms) = postSolution
		{D2C41716-A31B-4F2D-8AEA-50C5AAF466A3}.Debug|x64.ActiveCfg = Debug|x64
		{D2C41716-A31B-4F2D-8AEA-50C5AAF466A3}.Debug|x64.Build.0 = Debug|x64
		{D2C41716-A31B-4F2D-8AEA-50C5AAF466A3}.Debug|x86.ActiveCfg = Debug|Win32
		{D2C41716-A31B-4F2D-8AEA-50C5AAF466A3}.Debug|x86.Build.0 = Debug|Win32
		{D2C41716-A31B-4F2D-8AEA-50C5AAF466A3}.Release|x64.ActiveCfg = Release|x64
		{D2C41716-A31B-4F2D-8AEA-50C5AAF466A3}.Release|x64.Build.0 = Release|x64
		{D2C41716-A31B-4F2D-8AEA-50C5AAF466A3}.Release|x86.ActiveCfg = Release|Win32
		{D2C41716-A31B-4F2D-8AEA-50C5AAF466A3}.Release|x86.Build.0 = Release|Win32
		{2C57A1B9-D72A-4343-A201-BDDB4667E9EB}.Debug|x64.ActiveCfg = Debug|x64
		{2C57A1B9-D72A-4343-A201-BDDB4667E9EB}.Debug|x64.Build.0 = Debug|x64
		{2C57A1B9-D72A-4343-A201-BDDB4667E9EB}.Debug|x86.ActiveCfg = Debug|Win32
		{2C57A1B9-D72A-4343-A201-BDDB4667E9EB}.Debug|x86.Build.0 = Debug|Win32
		{2C57A1B9-D72A-4343-A201-BDDB4667E9EB}.Release|x64.ActiveCfg = Release|x64
		{2C57A1B9-D72A-4343-A201-BDDB4667E9EB}.Release|x64.Build.0 = Release|x64
		{2C57A1B9-D72A-4343-A201-BDDB4667E9EB}.Release|x86.ActiveCfg = Release|Win32
		{2C57A1B9-D72A-4343-A201-BDDB4667E9EB}.Release|x86.Build.0 = Release|Win32
	EndGlobalSection
	GlobalSection(SolutionProperties) = preSolution
		HideSolutionNode = FALSE
	EndGlobalSection
EndGlobal
