<?xml version="1.0" encoding="utf-8"?>
<Project ToolsVersion="4.0" xmlns="http://schemas.microsoft.com/developer/msbuild/2003">
  <ItemGroup>
    <Filter Include="ソース ファイル">
      <UniqueIdentifier>{4FC737F1-C7A5-4376-A066-2A32D752A2FF}</UniqueIdentifier>
      <Extensions>cpp;c;cc;cxx;def;odl;idl;hpj;bat;asm;asmx</Extensions>
    </Filter>
    <Filter Include="ヘッダー ファイル">
      <UniqueIdentifier>{93995380-89BD-4b04-88EB-625FBE52EBFB}</UniqueIdentifier>
      <Extensions>h;hh;hpp;hxx;hm;inl;inc;xsd</Extensions>
    </Filter>
    <Filter Include="リソース ファイル">
      <UniqueIdentifier>{67DA6AB6-F800-4c08-8B7A-83BB121AAD01}</UniqueIdentifier>
      <Extensions>rc;ico;cur;bmp;dlg;rc2;rct;bin;rgs;gif;jpg;jpeg;jpe;resx;tiff;tif;png;wav;mfcribbon-ms</Extensions>
    </Filter>
    <Filter Include="ソース ファイル\Tools">
      <UniqueIdentifier>{8932745c-e5e4-4b6c-9d01-14dad3c88440}</UniqueIdentifier>
    </Filter>
    <Filter Include="ヘッダー ファイル\Tools">
      <UniqueIdentifier>{1b3a558b-b3ba-4c88-9dcc-910378b1032e}</UniqueIdentifier>
    </Filter>
    <Filter Include="ソース ファイル\BattleObject">
      <UniqueIdentifier>{360c9abf-62bb-494d-b213-de26349574c9}</UniqueIdentifier>
    </Filter>
    <Filter Include="ソース ファイル\Shape">
      <UniqueIdentifier>{b35f9e5f-e843-4aa9-93c0-00c902e25140}</UniqueIdentifier>
    </Filter>
    <Filter Include="ヘッダー ファイル\BattleObject">
      <UniqueIdentifier>{96923158-8036-48f1-9e96-3cc690b70010}</UniqueIdentifier>
    </Filter>
    <Filter Include="ヘッダー ファイル\Shape">
      <UniqueIdentifier>{a5159a22-a211-4ba9-9c49-36d4197c7e2c}</UniqueIdentifier>
    </Filter>
    <Filter Include="ソース ファイル\GameScene">
      <UniqueIdentifier>{ea065b0b-8915-485a-b71f-75f118a497ed}</UniqueIdentifier>
    </Filter>
    <Filter Include="ヘッダー ファイル\GameScene">
      <UniqueIdentifier>{cba1a45a-6c16-4022-a093-badee911fb9e}</UniqueIdentifier>
    </Filter>
    <Filter Include="ソース ファイル\GameScene\BattleScene">
      <UniqueIdentifier>{e308d2be-b696-4d89-a915-d90636da4639}</UniqueIdentifier>
    </Filter>
    <Filter Include="ヘッダー ファイル\UnitHaving">
      <UniqueIdentifier>{95d8dbfb-5494-4ae0-86cf-bec447ba2e08}</UniqueIdentifier>
    </Filter>
    <Filter Include="ソース ファイル\UnitHaving">
      <UniqueIdentifier>{4fe96574-16d2-4b2a-8790-9834b9f0d304}</UniqueIdentifier>
    </Filter>
    <Filter Include="ソース ファイル\UnitHaving\Object">
      <UniqueIdentifier>{da015031-9565-41ae-b2a1-177fc8edf40b}</UniqueIdentifier>
    </Filter>
    <Filter Include="ヘッダー ファイル\UnitHaving\Object">
      <UniqueIdentifier>{457930e7-7c78-4235-a0f9-5f6a7f9c8a48}</UniqueIdentifier>
    </Filter>
    <Filter Include="ヘッダー ファイル\UnitHaving\Explain">
      <UniqueIdentifier>{39bbe34b-0df1-4e07-970b-c3cbef7321f5}</UniqueIdentifier>
    </Filter>
    <Filter Include="ソース ファイル\UnitHaving\Explain">
      <UniqueIdentifier>{c670ccf6-03d9-48a3-8a50-301296b2cda2}</UniqueIdentifier>
    </Filter>
    <Filter Include="ソース ファイル\GameScene\TitleScene">
      <UniqueIdentifier>{a888750d-c294-4255-b433-abbd5bd32961}</UniqueIdentifier>
    </Filter>
    <Filter Include="ヘッダー ファイル\GameScene\TitleScene">
      <UniqueIdentifier>{d2ff5b42-d516-4b79-99b3-9b3b79e0507c}</UniqueIdentifier>
    </Filter>
    <Filter Include="ソース ファイル\GameScene\BattleScene\TutorialScene">
      <UniqueIdentifier>{df3aaa33-faef-445b-b28e-b4f09ff90d1d}</UniqueIdentifier>
    </Filter>
    <Filter Include="ソース ファイル\GameScene\BattleScene\BattleSceneData">
      <UniqueIdentifier>{f2b63819-64e6-464e-b008-4a87ef9605f5}</UniqueIdentifier>
    </Filter>
    <Filter Include="ソース ファイル\GameScene\BattleScene\BattleSceneData\ScoreObserver">
      <UniqueIdentifier>{9aa0b34f-5c2e-411b-a49e-8504099326f7}</UniqueIdentifier>
    </Filter>
    <Filter Include="ソース ファイル\GameScene\BattleScene\BattleSceneData\ScoreObserver\Logger">
      <UniqueIdentifier>{9c30a52a-5598-4cff-9ef0-95f8260f7efa}</UniqueIdentifier>
    </Filter>
    <Filter Include="ヘッダー ファイル\SaveData">
      <UniqueIdentifier>{aa562877-7413-41a2-8a94-f23edce8d523}</UniqueIdentifier>
    </Filter>
    <Filter Include="ソース ファイル\SaveData">
      <UniqueIdentifier>{0c9213e4-6c6c-4379-9c1b-1bc5b60b45d6}</UniqueIdentifier>
    </Filter>
    <Filter Include="ソース ファイル\GameScene\PerformanceScene">
      <UniqueIdentifier>{0d4a4183-d3df-4d74-b7f8-e826b374e674}</UniqueIdentifier>
    </Filter>
    <Filter Include="ヘッダー ファイル\GameScene\PerformanceScene">
      <UniqueIdentifier>{96e3e5cd-cad3-48d4-829b-cc1d0e6fa81d}</UniqueIdentifier>
    </Filter>
    <Filter Include="ソース ファイル\GameScene\StageSelectScene">
      <UniqueIdentifier>{2694beef-b48f-40c7-825c-cd76e5be54c9}</UniqueIdentifier>
    </Filter>
    <Filter Include="ヘッダー ファイル\GameScene\StageSelectScene">
      <UniqueIdentifier>{2fec23c1-1db0-4ed1-aa95-675f3c79aacb}</UniqueIdentifier>
    </Filter>
    <Filter Include="ヘッダー ファイル\AnySceneCallable">
      <UniqueIdentifier>{3dbbd473-06bb-4e5f-a188-830533a285a1}</UniqueIdentifier>
    </Filter>
    <Filter Include="ソース ファイル\AnySceneCallable">
      <UniqueIdentifier>{d62062f2-d13a-426b-b789-0bacda04d975}</UniqueIdentifier>
    </Filter>
    <Filter Include="ソース ファイル\GameScene\StageSelectScene\ImplementedUI">
      <UniqueIdentifier>{95d9f037-986e-4c37-af75-754ac42bb8f7}</UniqueIdentifier>
    </Filter>
    <Filter Include="ヘッダー ファイル\GameScene\StageSelectScene\ImplementedUI">
      <UniqueIdentifier>{e898bf11-ade6-4999-b78b-b1c6f191aeb5}</UniqueIdentifier>
    </Filter>
    <Filter Include="ソース ファイル\Tools\Resource">
      <UniqueIdentifier>{544c0990-93de-43d5-9a54-d0b6f195e47c}</UniqueIdentifier>
    </Filter>
    <Filter Include="ヘッダー ファイル\Tools\Resource">
      <UniqueIdentifier>{c936114d-557c-4c91-9410-dce45c446c89}</UniqueIdentifier>
    </Filter>
    <Filter Include="ソース ファイル\GameScene\BattleScene\DamageScene">
      <UniqueIdentifier>{697f4214-2f69-4929-9db7-242d1a1d0f22}</UniqueIdentifier>
    </Filter>
    <Filter Include="ソース ファイル\GameScene\BattleScene\BattleSceneData\ScoreObserver\SelfDecideSubmisson">
      <UniqueIdentifier>{8c79322b-d453-4a26-b102-4e9b264cc12e}</UniqueIdentifier>
    </Filter>
    <Filter Include="ソース ファイル\GameScene\CreditScene">
      <UniqueIdentifier>{68e60e47-bb5c-48b9-aa15-c4aaf12d5960}</UniqueIdentifier>
    </Filter>
    <Filter Include="ヘッダー ファイル\GameScene\CreditScene">
      <UniqueIdentifier>{f972cb70-0eb3-4ee3-bcf8-555947d085e6}</UniqueIdentifier>
    </Filter>
    <Filter Include="ヘッダー ファイル\GameScene\BattleScene">
      <UniqueIdentifier>{4630b0a8-c11d-4e25-b195-2f606819702e}</UniqueIdentifier>
    </Filter>
    <Filter Include="ヘッダー ファイル\GameScene\BattleScene\TutorialScene">
      <UniqueIdentifier>{172e0707-fffe-4c11-8f16-80d680c1764e}</UniqueIdentifier>
    </Filter>
    <Filter Include="ヘッダー ファイル\GameScene\BattleScene\BattleSceneData">
      <UniqueIdentifier>{f27f045b-617a-4789-ab6f-654febbe0c82}</UniqueIdentifier>
    </Filter>
    <Filter Include="ヘッダー ファイル\GameScene\BattleScene\BattleSceneData\ScoreObserver">
      <UniqueIdentifier>{a9bd6455-f249-4147-b93b-0f794b2fc7ec}</UniqueIdentifier>
    </Filter>
    <Filter Include="ヘッダー ファイル\GameScene\BattleScene\BattleSceneData\ScoreObserver\Logger">
      <UniqueIdentifier>{b746e540-4173-4d8b-a160-255388f0f04c}</UniqueIdentifier>
    </Filter>
    <Filter Include="ヘッダー ファイル\GameScene\BattleScene\BattleSceneData\ScoreObserver\SelfDecideSubmission">
      <UniqueIdentifier>{938f1cac-c3e9-40d5-b28c-315622d317ce}</UniqueIdentifier>
    </Filter>
    <Filter Include="ヘッダー ファイル\GameScene\BattleScene\DamageScene">
      <UniqueIdentifier>{9badcb69-296f-4567-8a6f-791b1463a227}</UniqueIdentifier>
    </Filter>
    <Filter Include="ヘッダー ファイル\GameScene\BattleScene\BattleSceneData\ScoreObserver\SelfDecideSubmission\Rule">
      <UniqueIdentifier>{2ed37f31-11fb-463e-89bb-230fbe98056a}</UniqueIdentifier>
    </Filter>
    <Filter Include="ソース ファイル\GameScene\BattleScene\BattleSceneData\ScoreObserver\SelfDecideSubmisson\Rule">
      <UniqueIdentifier>{fb8817c5-b6b4-4b39-8423-b449cef48d12}</UniqueIdentifier>
    </Filter>
    <Filter Include="ヘッダー ファイル\GameScene\BattleScene\SubmissionScene">
      <UniqueIdentifier>{5b8ad059-928a-47fb-a08e-a51257e8652e}</UniqueIdentifier>
    </Filter>
    <Filter Include="ソース ファイル\GameScene\BattleScene\SubmissionScene">
      <UniqueIdentifier>{3c22961c-438e-4feb-85f9-e2efc0443964}</UniqueIdentifier>
    </Filter>
    <Filter Include="ヘッダー ファイル\GameScene\BattleScene\ExperimentScene">
      <UniqueIdentifier>{21c467d9-ccf8-40cd-9433-a3e4d4a2330e}</UniqueIdentifier>
    </Filter>
    <Filter Include="ソース ファイル\GameScene\BattleScene\ExperimentScene">
      <UniqueIdentifier>{2d41f1e1-f51f-4afb-a0e4-0a42a64ca3e6}</UniqueIdentifier>
    </Filter>
    <Filter Include="ソース ファイル\GameScene\BattleScene\BattleSceneData\ScoreObserver\SelfDecideSubmisson\ReflectionWork">
      <UniqueIdentifier>{68e7654e-03b0-4222-9978-ec51bca87909}</UniqueIdentifier>
    </Filter>
    <Filter Include="ヘッダー ファイル\GameScene\BattleScene\BattleSceneData\ScoreObserver\SelfDecideSubmission\ReflectionWork">
      <UniqueIdentifier>{8aabdb48-e340-4eaf-9e1d-0a93f5651208}</UniqueIdentifier>
    </Filter>
    <Filter Include="ソース ファイル\GameScene\WatchLogScene">
      <UniqueIdentifier>{07e82c88-8a71-4fe4-8b58-30218ff437ce}</UniqueIdentifier>
    </Filter>
    <Filter Include="ヘッダー ファイル\GameScene\WatchLogScene">
      <UniqueIdentifier>{cecb5bd3-d373-4b80-860b-493cf7719c75}</UniqueIdentifier>
    </Filter>
  </ItemGroup>
  <ItemGroup>
    <ClCompile Include="GameMain.cpp">
      <Filter>ソース ファイル</Filter>
    </ClCompile>
    <ClCompile Include="input.cpp">
      <Filter>ソース ファイル\Tools</Filter>
    </ClCompile>
    <ClCompile Include="ToolsLib.cpp">
      <Filter>ソース ファイル\Tools</Filter>
    </ClCompile>
    <ClCompile Include="Unit.cpp">
      <Filter>ソース ファイル\BattleObject</Filter>
    </ClCompile>
    <ClCompile Include="..\FieldBase\Shape.cpp">
      <Filter>ソース ファイル\Shape</Filter>
    </ClCompile>
    <ClCompile Include="..\FieldBase\ShapeHaving.cpp">
      <Filter>ソース ファイル\Shape</Filter>
    </ClCompile>
    <ClCompile Include="..\FieldBase\Circle.cpp">
      <Filter>ソース ファイル\Shape</Filter>
    </ClCompile>
    <ClCompile Include="..\FieldBase\Edge.cpp">
      <Filter>ソース ファイル\Shape</Filter>
    </ClCompile>
    <ClCompile Include="..\StageEditor\Terrain.cpp">
      <Filter>ソース ファイル\BattleObject</Filter>
    </ClCompile>
    <ClCompile Include="..\StageEditor\BattleObject.cpp">
      <Filter>ソース ファイル\BattleObject</Filter>
    </ClCompile>
    <ClCompile Include="GameScene.cpp">
      <Filter>ソース ファイル\GameScene</Filter>
    </ClCompile>
    <ClCompile Include="BattleScene.cpp">
      <Filter>ソース ファイル\GameScene\BattleScene</Filter>
    </ClCompile>
    <ClCompile Include="GraphicProgramming.cpp">
      <Filter>ソース ファイル\Tools</Filter>
    </ClCompile>
    <ClCompile Include="GraphicControl.cpp">
      <Filter>ソース ファイル\Tools</Filter>
    </ClCompile>
    <ClCompile Include="Weapon.cpp">
      <Filter>ソース ファイル\UnitHaving\Object</Filter>
    </ClCompile>
    <ClCompile Include="DamageCalculators.cpp">
      <Filter>ソース ファイル\UnitHaving\Explain</Filter>
    </ClCompile>
    <ClCompile Include="MoveScene.cpp">
      <Filter>ソース ファイル\GameScene\BattleScene</Filter>
    </ClCompile>
    <ClCompile Include="BattleSceneElement.cpp">
      <Filter>ソース ファイル\GameScene\BattleScene</Filter>
    </ClCompile>
    <ClCompile Include="PlayerMoveScene.cpp">
      <Filter>ソース ファイル\GameScene\BattleScene</Filter>
    </ClCompile>
    <ClCompile Include="SwitchUnitScene.cpp">
      <Filter>ソース ファイル\GameScene\BattleScene</Filter>
    </ClCompile>
    <ClCompile Include="ComputerMoveScene.cpp">
      <Filter>ソース ファイル\GameScene\BattleScene</Filter>
    </ClCompile>
    <ClCompile Include="MyPolygon.cpp">
      <Filter>ソース ファイル\Shape</Filter>
    </ClCompile>
    <ClCompile Include="ResearchScene.cpp">
      <Filter>ソース ファイル\GameScene\BattleScene</Filter>
    </ClCompile>
    <ClCompile Include="FileRead.cpp">
      <Filter>ソース ファイル\Tools</Filter>
    </ClCompile>
    <ClCompile Include="TitleScene.cpp">
      <Filter>ソース ファイル\GameScene\TitleScene</Filter>
    </ClCompile>
    <ClCompile Include="StageClearScene.cpp">
      <Filter>ソース ファイル\GameScene\BattleScene</Filter>
    </ClCompile>
    <ClCompile Include="CommonConstParameter.cpp">
      <Filter>ソース ファイル\Tools</Filter>
    </ClCompile>
    <ClCompile Include="DemoScene.cpp">
      <Filter>ソース ファイル\GameScene\BattleScene</Filter>
    </ClCompile>
    <ClCompile Include="DemoSwitchUnitScene.cpp">
      <Filter>ソース ファイル\GameScene\BattleScene</Filter>
    </ClCompile>
    <ClCompile Include="SystemMenu.cpp">
      <Filter>ソース ファイル\GameScene\BattleScene</Filter>
    </ClCompile>
    <ClCompile Include="TutorialBattleSceneData.cpp">
      <Filter>ソース ファイル\GameScene\BattleScene\TutorialScene</Filter>
    </ClCompile>
    <ClCompile Include="TutorialPlayerMoveScene.cpp">
      <Filter>ソース ファイル\GameScene\BattleScene\TutorialScene</Filter>
    </ClCompile>
    <ClCompile Include="TutorialScene.cpp">
      <Filter>ソース ファイル\GameScene\BattleScene\TutorialScene</Filter>
    </ClCompile>
    <ClCompile Include="ScoreObserver.cpp">
      <Filter>ソース ファイル\GameScene\BattleScene\BattleSceneData\ScoreObserver</Filter>
    </ClCompile>
    <ClCompile Include="LogElement.cpp">
      <Filter>ソース ファイル\GameScene\BattleScene\BattleSceneData\ScoreObserver\Logger</Filter>
    </ClCompile>
    <ClCompile Include="WaitLog.cpp">
      <Filter>ソース ファイル\GameScene\BattleScene\BattleSceneData\ScoreObserver\Logger</Filter>
    </ClCompile>
    <ClCompile Include="AttackLog.cpp">
      <Filter>ソース ファイル\GameScene\BattleScene\BattleSceneData\ScoreObserver\Logger</Filter>
    </ClCompile>
    <ClCompile Include="InitLog.cpp">
      <Filter>ソース ファイル\GameScene\BattleScene\BattleSceneData\ScoreObserver\Logger</Filter>
    </ClCompile>
    <ClCompile Include="FinishLog.cpp">
      <Filter>ソース ファイル\GameScene\BattleScene\BattleSceneData\ScoreObserver\Logger</Filter>
    </ClCompile>
    <ClCompile Include="BattleSceneData.cpp">
      <Filter>ソース ファイル\GameScene\BattleScene\BattleSceneData</Filter>
    </ClCompile>
    <ClCompile Include="LatticeBattleField.cpp">
      <Filter>ソース ファイル\GameScene\BattleScene\BattleSceneData</Filter>
    </ClCompile>
    <ClCompile Include="ScoreRankingData.cpp">
      <Filter>ソース ファイル\SaveData</Filter>
    </ClCompile>
    <ClCompile Include="StringBuilder.cpp">
      <Filter>ソース ファイル\Tools</Filter>
    </ClCompile>
    <ClCompile Include="FadeInScene.cpp">
      <Filter>ソース ファイル\GameScene\PerformanceScene</Filter>
    </ClCompile>
    <ClCompile Include="FadeOutScene.cpp">
      <Filter>ソース ファイル\GameScene\PerformanceScene</Filter>
    </ClCompile>
    <ClCompile Include="StageSelectScene.cpp">
      <Filter>ソース ファイル\GameScene\StageSelectScene</Filter>
    </ClCompile>
    <ClCompile Include="StageInfoReader.cpp">
      <Filter>ソース ファイル\AnySceneCallable</Filter>
    </ClCompile>
    <ClCompile Include="StageLevel.cpp">
      <Filter>ソース ファイル\AnySceneCallable</Filter>
    </ClCompile>
    <ClCompile Include="FilePath.cpp">
      <Filter>ソース ファイル\AnySceneCallable</Filter>
    </ClCompile>
    <ClCompile Include="StageInfoInStageSelect.cpp">
      <Filter>ソース ファイル\GameScene\StageSelectScene</Filter>
    </ClCompile>
    <ClCompile Include="LevelSelectUIInStageSelect.cpp">
      <Filter>ソース ファイル\GameScene\StageSelectScene\ImplementedUI</Filter>
    </ClCompile>
    <ClCompile Include="StageSelectUIInStageSelect.cpp">
      <Filter>ソース ファイル\GameScene\StageSelectScene\ImplementedUI</Filter>
    </ClCompile>
    <ClCompile Include="BaseUIInStageSelect.cpp">
      <Filter>ソース ファイル\GameScene\StageSelectScene</Filter>
    </ClCompile>
    <ClCompile Include="GeneralPurposeResource.cpp">
      <Filter>ソース ファイル\Tools</Filter>
    </ClCompile>
    <ClCompile Include="LoadingScene.cpp">
      <Filter>ソース ファイル\GameScene\PerformanceScene</Filter>
    </ClCompile>
    <ClCompile Include="Graph.cpp">
      <Filter>ソース ファイル\Tools\Resource</Filter>
    </ClCompile>
    <ClCompile Include="BGM.cpp">
      <Filter>ソース ファイル\Tools\Resource</Filter>
    </ClCompile>
    <ClCompile Include="AttackScene.cpp">
      <Filter>ソース ファイル\GameScene\BattleScene\DamageScene</Filter>
    </ClCompile>
    <ClCompile Include="DamageScene.cpp">
      <Filter>ソース ファイル\GameScene\BattleScene\DamageScene</Filter>
    </ClCompile>
    <ClCompile Include="TurnStartDamageScene.cpp">
      <Filter>ソース ファイル\GameScene\BattleScene\DamageScene</Filter>
    </ClCompile>
    <ClCompile Include="BrowserTweet.cpp">
      <Filter>ソース ファイル\Tools</Filter>
    </ClCompile>
    <ClCompile Include="BGMManager.cpp">
      <Filter>ソース ファイル\Tools</Filter>
    </ClCompile>
    <ClCompile Include="SelfDecideSubmission.cpp">
      <Filter>ソース ファイル\GameScene\BattleScene\BattleSceneData\ScoreObserver\SelfDecideSubmisson</Filter>
    </ClCompile>
    <ClCompile Include="ClearStageData.cpp">
      <Filter>ソース ファイル\SaveData</Filter>
    </ClCompile>
    <ClCompile Include="CreditScene.cpp">
      <Filter>ソース ファイル\GameScene\CreditScene</Filter>
    </ClCompile>
    <ClCompile Include="SubmissionRuleBase.cpp">
      <Filter>ソース ファイル\GameScene\BattleScene\BattleSceneData\ScoreObserver\SelfDecideSubmisson</Filter>
    </ClCompile>
    <ClCompile Include="ArcherAttackDistance.cpp">
      <Filter>ソース ファイル\GameScene\BattleScene\BattleSceneData\ScoreObserver\SelfDecideSubmisson\Rule</Filter>
    </ClCompile>
    <ClCompile Include="MageAttackingOpponent.cpp">
      <Filter>ソース ファイル\GameScene\BattleScene\BattleSceneData\ScoreObserver\SelfDecideSubmisson\Rule</Filter>
    </ClCompile>
    <ClCompile Include="ArmerPosition.cpp">
      <Filter>ソース ファイル\GameScene\BattleScene\BattleSceneData\ScoreObserver\SelfDecideSubmisson\Rule</Filter>
    </ClCompile>
    <ClCompile Include="HealerPosition.cpp">
      <Filter>ソース ファイル\GameScene\BattleScene\BattleSceneData\ScoreObserver\SelfDecideSubmisson\Rule</Filter>
    </ClCompile>
    <ClCompile Include="ProtectFriend.cpp">
      <Filter>ソース ファイル\GameScene\BattleScene\BattleSceneData\ScoreObserver\SelfDecideSubmisson\Rule</Filter>
    </ClCompile>
    <ClCompile Include="IntensiveAttack.cpp">
      <Filter>ソース ファイル\GameScene\BattleScene\BattleSceneData\ScoreObserver\SelfDecideSubmisson\Rule</Filter>
    </ClCompile>
    <ClCompile Include="SelectSubmissionScene.cpp">
      <Filter>ソース ファイル\GameScene\BattleScene\SubmissionScene</Filter>
    </ClCompile>
    <ClCompile Include="SubmissionSwitchUnitScene.cpp">
      <Filter>ソース ファイル\GameScene\BattleScene\SubmissionScene</Filter>
    </ClCompile>
    <ClCompile Include="SwitchUnitInitOrderScene.cpp">
      <Filter>ソース ファイル\GameScene\BattleScene</Filter>
    </ClCompile>
    <ClCompile Include="SubmissionBattleScene.cpp">
      <Filter>ソース ファイル\GameScene\BattleScene\SubmissionScene</Filter>
    </ClCompile>
    <ClCompile Include="SubmissionPlayerMoveScene.cpp">
      <Filter>ソース ファイル\GameScene\BattleScene\SubmissionScene</Filter>
    </ClCompile>
    <ClCompile Include="SubmissionReflectionScene.cpp">
      <Filter>ソース ファイル\GameScene\BattleScene\SubmissionScene</Filter>
    </ClCompile>
    <ClCompile Include="WholeReflectionInfo.cpp">
      <Filter>ソース ファイル\GameScene\BattleScene\BattleSceneData\ScoreObserver\SelfDecideSubmisson</Filter>
    </ClCompile>
    <ClCompile Include="ExperimentBattleScene.cpp">
      <Filter>ソース ファイル\GameScene\BattleScene\ExperimentScene</Filter>
    </ClCompile>
    <ClCompile Include="LineDraw.cpp">
      <Filter>ソース ファイル\GameScene\BattleScene\BattleSceneData\ScoreObserver\SelfDecideSubmisson\ReflectionWork</Filter>
    </ClCompile>
    <ClCompile Include="ObjectClick.cpp">
      <Filter>ソース ファイル\GameScene\BattleScene\BattleSceneData\ScoreObserver\SelfDecideSubmisson\ReflectionWork</Filter>
    </ClCompile>
    <ClCompile Include="SelectOne.cpp">
      <Filter>ソース ファイル\GameScene\BattleScene\BattleSceneData\ScoreObserver\SelfDecideSubmisson\ReflectionWork</Filter>
    </ClCompile>
    <ClCompile Include="MoveSimulation.cpp">
      <Filter>ソース ファイル\GameScene\BattleScene\BattleSceneData\ScoreObserver\SelfDecideSubmisson\ReflectionWork</Filter>
    </ClCompile>
    <ClCompile Include="ReadExplanation.cpp">
      <Filter>ソース ファイル\GameScene\BattleScene\BattleSceneData\ScoreObserver\SelfDecideSubmisson\ReflectionWork</Filter>
    </ClCompile>
    <ClCompile Include="SubmissionEvaluation.cpp">
      <Filter>ソース ファイル\GameScene\BattleScene\BattleSceneData\ScoreObserver\SelfDecideSubmisson</Filter>
    </ClCompile>
    <ClCompile Include="WatchLogScene.cpp">
      <Filter>ソース ファイル\GameScene\WatchLogScene</Filter>
    </ClCompile>
  </ItemGroup>
  <ItemGroup>
    <ClInclude Include="input.h">
      <Filter>ヘッダー ファイル\Tools</Filter>
    </ClInclude>
    <ClInclude Include="ToolsLib.h">
      <Filter>ヘッダー ファイル\Tools</Filter>
    </ClInclude>
    <ClInclude Include="Unit.h">
      <Filter>ヘッダー ファイル\BattleObject</Filter>
    </ClInclude>
    <ClInclude Include="..\FieldBase\Shape.h">
      <Filter>ヘッダー ファイル\Shape</Filter>
    </ClInclude>
    <ClInclude Include="..\FieldBase\ShapeHaving.h">
      <Filter>ヘッダー ファイル\Shape</Filter>
    </ClInclude>
    <ClInclude Include="..\FieldBase\Circle.h">
      <Filter>ヘッダー ファイル\Shape</Filter>
    </ClInclude>
    <ClInclude Include="..\FieldBase\Edge.h">
      <Filter>ヘッダー ファイル\Shape</Filter>
    </ClInclude>
    <ClInclude Include="..\StageEditor\BattleObject.h">
      <Filter>ヘッダー ファイル\BattleObject</Filter>
    </ClInclude>
    <ClInclude Include="..\StageEditor\Terrain.h">
      <Filter>ヘッダー ファイル\BattleObject</Filter>
    </ClInclude>
    <ClInclude Include="GameScene.h">
      <Filter>ヘッダー ファイル\GameScene</Filter>
    </ClInclude>
    <ClInclude Include="BattleScene.h">
      <Filter>ヘッダー ファイル\GameScene\BattleScene</Filter>
    </ClInclude>
    <ClInclude Include="GraphicControl.h">
      <Filter>ヘッダー ファイル\Tools</Filter>
    </ClInclude>
    <ClInclude Include="GraphicProgramming.h">
      <Filter>ヘッダー ファイル\Tools</Filter>
    </ClInclude>
    <ClInclude Include="Weapon.h">
      <Filter>ヘッダー ファイル\UnitHaving\Object</Filter>
    </ClInclude>
    <ClInclude Include="DamageCalculators.h">
      <Filter>ヘッダー ファイル\UnitHaving\Explain</Filter>
    </ClInclude>
    <ClInclude Include="MoveScene.h">
      <Filter>ヘッダー ファイル\GameScene\BattleScene</Filter>
    </ClInclude>
    <ClInclude Include="BattleSceneElement.h">
      <Filter>ヘッダー ファイル\GameScene\BattleScene</Filter>
    </ClInclude>
    <ClInclude Include="PlayerMoveScene.h">
      <Filter>ヘッダー ファイル\GameScene\BattleScene</Filter>
    </ClInclude>
    <ClInclude Include="ComputerMoveScene.h">
      <Filter>ヘッダー ファイル\GameScene\BattleScene</Filter>
    </ClInclude>
    <ClInclude Include="SwitchUnitScene.h">
      <Filter>ヘッダー ファイル\GameScene\BattleScene</Filter>
    </ClInclude>
    <ClInclude Include="MyPolygon.h">
      <Filter>ヘッダー ファイル\Shape</Filter>
    </ClInclude>
    <ClInclude Include="ResearchScene.h">
      <Filter>ヘッダー ファイル\GameScene\BattleScene</Filter>
    </ClInclude>
    <ClInclude Include="FileRead.h">
      <Filter>ヘッダー ファイル\Tools</Filter>
    </ClInclude>
    <ClInclude Include="TitleScene.h">
      <Filter>ヘッダー ファイル\GameScene\TitleScene</Filter>
    </ClInclude>
    <ClInclude Include="StageClearScene.h">
      <Filter>ヘッダー ファイル\GameScene\BattleScene</Filter>
    </ClInclude>
    <ClInclude Include="CommonConstParameter.h">
      <Filter>ヘッダー ファイル\Tools</Filter>
    </ClInclude>
    <ClInclude Include="DemoScene.h">
      <Filter>ヘッダー ファイル\GameScene\BattleScene</Filter>
    </ClInclude>
    <ClInclude Include="DemoSwitchUnitScene.h">
      <Filter>ヘッダー ファイル\GameScene\BattleScene</Filter>
    </ClInclude>
    <ClInclude Include="SystemMenu.h">
      <Filter>ヘッダー ファイル\GameScene\BattleScene</Filter>
    </ClInclude>
    <ClInclude Include="TutorialBattleSceneData.h">
      <Filter>ヘッダー ファイル\GameScene\BattleScene\TutorialScene</Filter>
    </ClInclude>
    <ClInclude Include="TutorialPlayerMoveScene.h">
      <Filter>ヘッダー ファイル\GameScene\BattleScene\TutorialScene</Filter>
    </ClInclude>
    <ClInclude Include="TutorialScene.h">
      <Filter>ヘッダー ファイル\GameScene\BattleScene\TutorialScene</Filter>
    </ClInclude>
    <ClInclude Include="ScoreObserver.h">
      <Filter>ヘッダー ファイル\GameScene\BattleScene\BattleSceneData\ScoreObserver</Filter>
    </ClInclude>
    <ClInclude Include="LogElement.h">
      <Filter>ヘッダー ファイル\GameScene\BattleScene\BattleSceneData\ScoreObserver\Logger</Filter>
    </ClInclude>
    <ClInclude Include="WaitLog.h">
      <Filter>ヘッダー ファイル\GameScene\BattleScene\BattleSceneData\ScoreObserver\Logger</Filter>
    </ClInclude>
    <ClInclude Include="AttackLog.h">
      <Filter>ヘッダー ファイル\GameScene\BattleScene\BattleSceneData\ScoreObserver\Logger</Filter>
    </ClInclude>
    <ClInclude Include="InitLog.h">
      <Filter>ヘッダー ファイル\GameScene\BattleScene\BattleSceneData\ScoreObserver\Logger</Filter>
    </ClInclude>
    <ClInclude Include="FinishLog.h">
      <Filter>ヘッダー ファイル\GameScene\BattleScene\BattleSceneData\ScoreObserver\Logger</Filter>
    </ClInclude>
    <ClInclude Include="BattleSceneData.h">
      <Filter>ヘッダー ファイル\GameScene\BattleScene\BattleSceneData</Filter>
    </ClInclude>
    <ClInclude Include="LatticeBattleField.h">
      <Filter>ヘッダー ファイル\GameScene\BattleScene\BattleSceneData</Filter>
    </ClInclude>
    <ClInclude Include="ScoreRankingData.h">
      <Filter>ヘッダー ファイル\SaveData</Filter>
    </ClInclude>
    <ClInclude Include="StringBuilder.h">
      <Filter>ヘッダー ファイル\Tools</Filter>
    </ClInclude>
    <ClInclude Include="FadeInScene.h">
      <Filter>ヘッダー ファイル\GameScene\PerformanceScene</Filter>
    </ClInclude>
    <ClInclude Include="FadeOutScene.h">
      <Filter>ヘッダー ファイル\GameScene\PerformanceScene</Filter>
    </ClInclude>
    <ClInclude Include="StageSelectScene.h">
      <Filter>ヘッダー ファイル\GameScene\StageSelectScene</Filter>
    </ClInclude>
    <ClInclude Include="StageInfoReader.h">
      <Filter>ヘッダー ファイル\AnySceneCallable</Filter>
    </ClInclude>
    <ClInclude Include="StageLevel.h">
      <Filter>ヘッダー ファイル\AnySceneCallable</Filter>
    </ClInclude>
    <ClInclude Include="FilePath.h">
      <Filter>ヘッダー ファイル\AnySceneCallable</Filter>
    </ClInclude>
    <ClInclude Include="StageInfoInStageSelect.h">
      <Filter>ヘッダー ファイル\GameScene\StageSelectScene</Filter>
    </ClInclude>
    <ClInclude Include="LevelSelectUIInStageSelect.h">
      <Filter>ヘッダー ファイル\GameScene\StageSelectScene\ImplementedUI</Filter>
    </ClInclude>
    <ClInclude Include="StageSelectUIInStageSelect.h">
      <Filter>ヘッダー ファイル\GameScene\StageSelectScene\ImplementedUI</Filter>
    </ClInclude>
    <ClInclude Include="BaseUIInStageSelect.h">
      <Filter>ヘッダー ファイル\GameScene\StageSelectScene</Filter>
    </ClInclude>
    <ClInclude Include="GeneralPurposeResource.h">
      <Filter>ヘッダー ファイル\Tools</Filter>
    </ClInclude>
    <ClInclude Include="LoadingScene.h">
      <Filter>ヘッダー ファイル\GameScene\PerformanceScene</Filter>
    </ClInclude>
    <ClInclude Include="Graph.h">
      <Filter>ヘッダー ファイル\Tools\Resource</Filter>
    </ClInclude>
    <ClInclude Include="BGM.h">
      <Filter>ヘッダー ファイル\Tools\Resource</Filter>
    </ClInclude>
    <ClInclude Include="AttackScene.h">
      <Filter>ヘッダー ファイル\GameScene\BattleScene\DamageScene</Filter>
    </ClInclude>
    <ClInclude Include="DamageScene.h">
      <Filter>ヘッダー ファイル\GameScene\BattleScene\DamageScene</Filter>
    </ClInclude>
    <ClInclude Include="TurnStartDamageScene.h">
      <Filter>ヘッダー ファイル\GameScene\BattleScene\DamageScene</Filter>
    </ClInclude>
    <ClInclude Include="BrowserTweet.h">
      <Filter>ヘッダー ファイル\Tools</Filter>
    </ClInclude>
    <ClInclude Include="BGMManager.h">
      <Filter>ヘッダー ファイル\Tools</Filter>
    </ClInclude>
    <ClInclude Include="SelfDecideSubmission.h">
      <Filter>ヘッダー ファイル\GameScene\BattleScene\BattleSceneData\ScoreObserver\SelfDecideSubmission</Filter>
    </ClInclude>
    <ClInclude Include="ClearStageData.h">
      <Filter>ヘッダー ファイル\SaveData</Filter>
    </ClInclude>
    <ClInclude Include="CreditScene.h">
      <Filter>ヘッダー ファイル\GameScene\CreditScene</Filter>
    </ClInclude>
    <ClInclude Include="SubmissionRuleBase.h">
      <Filter>ヘッダー ファイル\GameScene\BattleScene\BattleSceneData\ScoreObserver\SelfDecideSubmission</Filter>
    </ClInclude>
    <ClInclude Include="ArcherAttackDistance.h">
      <Filter>ヘッダー ファイル\GameScene\BattleScene\BattleSceneData\ScoreObserver\SelfDecideSubmission\Rule</Filter>
    </ClInclude>
    <ClInclude Include="MageAttackingOpponent.h">
      <Filter>ヘッダー ファイル\GameScene\BattleScene\BattleSceneData\ScoreObserver\SelfDecideSubmission\Rule</Filter>
    </ClInclude>
    <ClInclude Include="ArmerPosition.h">
      <Filter>ヘッダー ファイル\GameScene\BattleScene\BattleSceneData\ScoreObserver\SelfDecideSubmission\Rule</Filter>
    </ClInclude>
    <ClInclude Include="HealerPosition.h">
      <Filter>ヘッダー ファイル\GameScene\BattleScene\BattleSceneData\ScoreObserver\SelfDecideSubmission\Rule</Filter>
    </ClInclude>
    <ClInclude Include="ProtectFriend.h">
      <Filter>ヘッダー ファイル\GameScene\BattleScene\BattleSceneData\ScoreObserver\SelfDecideSubmission\Rule</Filter>
    </ClInclude>
    <ClInclude Include="IntensiveAttack.h">
      <Filter>ヘッダー ファイル\GameScene\BattleScene\BattleSceneData\ScoreObserver\SelfDecideSubmission\Rule</Filter>
    </ClInclude>
    <ClInclude Include="SelectSubmissionScene.h">
      <Filter>ヘッダー ファイル\GameScene\BattleScene\SubmissionScene</Filter>
    </ClInclude>
    <ClInclude Include="SubmissionSwitchUnitScene.h">
      <Filter>ヘッダー ファイル\GameScene\BattleScene\SubmissionScene</Filter>
    </ClInclude>
    <ClInclude Include="SwitchUnitInitOrderScene.h">
      <Filter>ヘッダー ファイル\GameScene\BattleScene</Filter>
    </ClInclude>
    <ClInclude Include="SubmissionBattleScene.h">
      <Filter>ヘッダー ファイル\GameScene\BattleScene\SubmissionScene</Filter>
    </ClInclude>
    <ClInclude Include="SubmissionPlayerMoveScene.h">
      <Filter>ヘッダー ファイル\GameScene\BattleScene\SubmissionScene</Filter>
    </ClInclude>
    <ClInclude Include="SubmissionReflectionScene.h">
      <Filter>ヘッダー ファイル\GameScene\BattleScene\SubmissionScene</Filter>
    </ClInclude>
    <ClInclude Include="WholeReflectionInfo.h">
      <Filter>ヘッダー ファイル\GameScene\BattleScene\BattleSceneData\ScoreObserver\SelfDecideSubmission</Filter>
    </ClInclude>
    <ClInclude Include="LineDraw.h">
      <Filter>ヘッダー ファイル\GameScene\BattleScene\BattleSceneData\ScoreObserver\SelfDecideSubmission\ReflectionWork</Filter>
    </ClInclude>
    <ClInclude Include="ReflectionWorkBase.h">
      <Filter>ヘッダー ファイル\GameScene\BattleScene\BattleSceneData\ScoreObserver\SelfDecideSubmission\ReflectionWork</Filter>
    </ClInclude>
    <ClInclude Include="ObjectClick.h">
      <Filter>ヘッダー ファイル\GameScene\BattleScene\BattleSceneData\ScoreObserver\SelfDecideSubmission\ReflectionWork</Filter>
    </ClInclude>
    <ClInclude Include="SelectOne.h">
      <Filter>ヘッダー ファイル\GameScene\BattleScene\BattleSceneData\ScoreObserver\SelfDecideSubmission\ReflectionWork</Filter>
    </ClInclude>
    <ClInclude Include="RouteInfo.h">
      <Filter>ヘッダー ファイル\GameScene\BattleScene</Filter>
    </ClInclude>
    <ClInclude Include="ExperimentBattleScene.h">
      <Filter>ヘッダー ファイル\GameScene\BattleScene\ExperimentScene</Filter>
    </ClInclude>
    <ClInclude Include="MoveSimulation.h">
      <Filter>ヘッダー ファイル\GameScene\BattleScene\BattleSceneData\ScoreObserver\SelfDecideSubmission\ReflectionWork</Filter>
    </ClInclude>
    <ClInclude Include="ReadExplanation.h">
      <Filter>ヘッダー ファイル\GameScene\BattleScene\BattleSceneData\ScoreObserver\SelfDecideSubmission\ReflectionWork</Filter>
    </ClInclude>
    <ClInclude Include="SubmissionEvaluation.h">
      <Filter>ヘッダー ファイル\GameScene\BattleScene\BattleSceneData\ScoreObserver\SelfDecideSubmission</Filter>
    </ClInclude>
    <ClInclude Include="WatchLogScene.h">
      <Filter>ヘッダー ファイル\GameScene\WatchLogScene</Filter>
    </ClInclude>
  </ItemGroup>
  <ItemGroup>
    <ResourceCompile Include="..\Resource.rc">
      <Filter>リソース ファイル</Filter>
    </ResourceCompile>
  </ItemGroup>
</Project>