<?xml version="1.0" encoding="utf-8"?>
<Project ToolsVersion="4.0" xmlns="http://schemas.microsoft.com/developer/msbuild/2003">
  <ItemGroup>
    <Filter Include="ソース ファイル">
      <UniqueIdentifier>{4FC737F1-C7A5-4376-A066-2A32D752A2FF}</UniqueIdentifier>
      <Extensions>cpp;c;cc;cxx;def;odl;idl;hpj;bat;asm;asmx</Extensions>
    </Filter>
    <Filter Include="ヘッダー ファイル">
      <UniqueIdentifier>{93995380-89BD-4b04-88EB-625FBE52EBFB}</UniqueIdentifier>
      <Extensions>h;hh;hpp;hxx;hm;inl;inc;xsd</Extensions>
    </Filter>
    <Filter Include="リソース ファイル">
      <UniqueIdentifier>{67DA6AB6-F800-4c08-8B7A-83BB121AAD01}</UniqueIdentifier>
      <Extensions>rc;ico;cur;bmp;dlg;rc2;rct;bin;rgs;gif;jpg;jpeg;jpe;resx;tiff;tif;png;wav;mfcribbon-ms</Extensions>
    </Filter>
    <Filter Include="ソース ファイル\Tools">
      <UniqueIdentifier>{8932745c-e5e4-4b6c-9d01-14dad3c88440}</UniqueIdentifier>
    </Filter>
    <Filter Include="ヘッダー ファイル\Tools">
      <UniqueIdentifier>{1b3a558b-b3ba-4c88-9dcc-910378b1032e}</UniqueIdentifier>
    </Filter>
    <Filter Include="ソース ファイル\BattleObject">
      <UniqueIdentifier>{360c9abf-62bb-494d-b213-de26349574c9}</UniqueIdentifier>
    </Filter>
    <Filter Include="ソース ファイル\Shape">
      <UniqueIdentifier>{b35f9e5f-e843-4aa9-93c0-00c902e25140}</UniqueIdentifier>
    </Filter>
    <Filter Include="ヘッダー ファイル\BattleObject">
      <UniqueIdentifier>{96923158-8036-48f1-9e96-3cc690b70010}</UniqueIdentifier>
    </Filter>
    <Filter Include="ヘッダー ファイル\Shape">
      <UniqueIdentifier>{a5159a22-a211-4ba9-9c49-36d4197c7e2c}</UniqueIdentifier>
    </Filter>
  </ItemGroup>
  <ItemGroup>
    <ClCompile Include="GameMain.cpp">
      <Filter>ソース ファイル</Filter>
    </ClCompile>
    <ClCompile Include="input.cpp">
      <Filter>ソース ファイル\Tools</Filter>
    </ClCompile>
    <ClCompile Include="ToolsLib.cpp">
      <Filter>ソース ファイル\Tools</Filter>
    </ClCompile>
    <ClCompile Include="Unit.cpp">
      <Filter>ソース ファイル\BattleObject</Filter>
    </ClCompile>
    <ClCompile Include="..\FieldBase\Shape.cpp">
      <Filter>ソース ファイル\Shape</Filter>
    </ClCompile>
    <ClCompile Include="..\FieldBase\ShapeHaving.cpp">
      <Filter>ソース ファイル\Shape</Filter>
    </ClCompile>
    <ClCompile Include="..\FieldBase\Circle.cpp">
      <Filter>ソース ファイル\Shape</Filter>
    </ClCompile>
    <ClCompile Include="..\FieldBase\Edge.cpp">
      <Filter>ソース ファイル\Shape</Filter>
    </ClCompile>
    <ClCompile Include="..\StageEditor\Terrain.cpp">
      <Filter>ソース ファイル\BattleObject</Filter>
    </ClCompile>
    <ClCompile Include="..\StageEditor\BattleObject.cpp">
      <Filter>ソース ファイル\BattleObject</Filter>
    </ClCompile>
  </ItemGroup>
  <ItemGroup>
    <ClInclude Include="input.h">
      <Filter>ヘッダー ファイル\Tools</Filter>
    </ClInclude>
    <ClInclude Include="ToolsLib.h">
      <Filter>ヘッダー ファイル\Tools</Filter>
    </ClInclude>
    <ClInclude Include="Unit.h">
      <Filter>ヘッダー ファイル\BattleObject</Filter>
    </ClInclude>
    <ClInclude Include="..\FieldBase\Shape.h">
      <Filter>ヘッダー ファイル\Shape</Filter>
    </ClInclude>
    <ClInclude Include="..\FieldBase\ShapeHaving.h">
      <Filter>ヘッダー ファイル\Shape</Filter>
    </ClInclude>
    <ClInclude Include="..\FieldBase\Circle.h">
      <Filter>ヘッダー ファイル\Shape</Filter>
    </ClInclude>
    <ClInclude Include="..\FieldBase\Edge.h">
      <Filter>ヘッダー ファイル\Shape</Filter>
    </ClInclude>
    <ClInclude Include="..\StageEditor\BattleObject.h">
      <Filter>ヘッダー ファイル\BattleObject</Filter>
    </ClInclude>
    <ClInclude Include="..\StageEditor\Terrain.h">
      <Filter>ヘッダー ファイル\BattleObject</Filter>
    </ClInclude>
  </ItemGroup>
</Project>