<?xml version="1.0" encoding="utf-8"?>
<Project ToolsVersion="4.0" xmlns="http://schemas.microsoft.com/developer/msbuild/2003">
  <ItemGroup>
    <Filter Include="ソース ファイル">
      <UniqueIdentifier>{4FC737F1-C7A5-4376-A066-2A32D752A2FF}</UniqueIdentifier>
      <Extensions>cpp;c;cc;cxx;def;odl;idl;hpj;bat;asm;asmx</Extensions>
    </Filter>
    <Filter Include="ヘッダー ファイル">
      <UniqueIdentifier>{93995380-89BD-4b04-88EB-625FBE52EBFB}</UniqueIdentifier>
      <Extensions>h;hh;hpp;hxx;hm;inl;inc;xsd</Extensions>
    </Filter>
    <Filter Include="リソース ファイル">
      <UniqueIdentifier>{67DA6AB6-F800-4c08-8B7A-83BB121AAD01}</UniqueIdentifier>
      <Extensions>rc;ico;cur;bmp;dlg;rc2;rct;bin;rgs;gif;jpg;jpeg;jpe;resx;tiff;tif;png;wav;mfcribbon-ms</Extensions>
    </Filter>
    <Filter Include="ソース ファイル\Tools">
      <UniqueIdentifier>{8932745c-e5e4-4b6c-9d01-14dad3c88440}</UniqueIdentifier>
    </Filter>
    <Filter Include="ヘッダー ファイル\Tools">
      <UniqueIdentifier>{1b3a558b-b3ba-4c88-9dcc-910378b1032e}</UniqueIdentifier>
    </Filter>
    <Filter Include="ソース ファイル\BattleObject">
      <UniqueIdentifier>{360c9abf-62bb-494d-b213-de26349574c9}</UniqueIdentifier>
    </Filter>
    <Filter Include="ソース ファイル\Shape">
      <UniqueIdentifier>{b35f9e5f-e843-4aa9-93c0-00c902e25140}</UniqueIdentifier>
    </Filter>
    <Filter Include="ヘッダー ファイル\BattleObject">
      <UniqueIdentifier>{96923158-8036-48f1-9e96-3cc690b70010}</UniqueIdentifier>
    </Filter>
    <Filter Include="ヘッダー ファイル\Shape">
      <UniqueIdentifier>{a5159a22-a211-4ba9-9c49-36d4197c7e2c}</UniqueIdentifier>
    </Filter>
    <Filter Include="ソース ファイル\GameScene">
      <UniqueIdentifier>{ea065b0b-8915-485a-b71f-75f118a497ed}</UniqueIdentifier>
    </Filter>
    <Filter Include="ヘッダー ファイル\GameScene">
      <UniqueIdentifier>{cba1a45a-6c16-4022-a093-badee911fb9e}</UniqueIdentifier>
    </Filter>
    <Filter Include="ヘッダー ファイル\GameScene\BattleScene">
      <UniqueIdentifier>{4630b0a8-c11d-4e25-b195-2f606819702e}</UniqueIdentifier>
    </Filter>
    <Filter Include="ソース ファイル\GameScene\BattleScene">
      <UniqueIdentifier>{e308d2be-b696-4d89-a915-d90636da4639}</UniqueIdentifier>
    </Filter>
    <Filter Include="ヘッダー ファイル\UnitHaving">
      <UniqueIdentifier>{95d8dbfb-5494-4ae0-86cf-bec447ba2e08}</UniqueIdentifier>
    </Filter>
    <Filter Include="ソース ファイル\UnitHaving">
      <UniqueIdentifier>{4fe96574-16d2-4b2a-8790-9834b9f0d304}</UniqueIdentifier>
    </Filter>
    <Filter Include="ソース ファイル\UnitHaving\Object">
      <UniqueIdentifier>{da015031-9565-41ae-b2a1-177fc8edf40b}</UniqueIdentifier>
    </Filter>
    <Filter Include="ヘッダー ファイル\UnitHaving\Object">
      <UniqueIdentifier>{457930e7-7c78-4235-a0f9-5f6a7f9c8a48}</UniqueIdentifier>
    </Filter>
    <Filter Include="ヘッダー ファイル\UnitHaving\Explain">
      <UniqueIdentifier>{39bbe34b-0df1-4e07-970b-c3cbef7321f5}</UniqueIdentifier>
    </Filter>
    <Filter Include="ソース ファイル\UnitHaving\Explain">
      <UniqueIdentifier>{c670ccf6-03d9-48a3-8a50-301296b2cda2}</UniqueIdentifier>
    </Filter>
    <Filter Include="ソース ファイル\GameScene\TitleScene">
      <UniqueIdentifier>{a888750d-c294-4255-b433-abbd5bd32961}</UniqueIdentifier>
    </Filter>
    <Filter Include="ヘッダー ファイル\GameScene\TitleScene">
      <UniqueIdentifier>{d2ff5b42-d516-4b79-99b3-9b3b79e0507c}</UniqueIdentifier>
    </Filter>
  </ItemGroup>
  <ItemGroup>
    <ClCompile Include="GameMain.cpp">
      <Filter>ソース ファイル</Filter>
    </ClCompile>
    <ClCompile Include="input.cpp">
      <Filter>ソース ファイル\Tools</Filter>
    </ClCompile>
    <ClCompile Include="ToolsLib.cpp">
      <Filter>ソース ファイル\Tools</Filter>
    </ClCompile>
    <ClCompile Include="Unit.cpp">
      <Filter>ソース ファイル\BattleObject</Filter>
    </ClCompile>
    <ClCompile Include="..\FieldBase\Shape.cpp">
      <Filter>ソース ファイル\Shape</Filter>
    </ClCompile>
    <ClCompile Include="..\FieldBase\ShapeHaving.cpp">
      <Filter>ソース ファイル\Shape</Filter>
    </ClCompile>
    <ClCompile Include="..\FieldBase\Circle.cpp">
      <Filter>ソース ファイル\Shape</Filter>
    </ClCompile>
    <ClCompile Include="..\FieldBase\Edge.cpp">
      <Filter>ソース ファイル\Shape</Filter>
    </ClCompile>
    <ClCompile Include="..\StageEditor\Terrain.cpp">
      <Filter>ソース ファイル\BattleObject</Filter>
    </ClCompile>
    <ClCompile Include="..\StageEditor\BattleObject.cpp">
      <Filter>ソース ファイル\BattleObject</Filter>
    </ClCompile>
    <ClCompile Include="GameScene.cpp">
      <Filter>ソース ファイル\GameScene</Filter>
    </ClCompile>
    <ClCompile Include="BattleScene.cpp">
      <Filter>ソース ファイル\GameScene\BattleScene</Filter>
    </ClCompile>
    <ClCompile Include="GraphicProgramming.cpp">
      <Filter>ソース ファイル\Tools</Filter>
    </ClCompile>
    <ClCompile Include="GraphicControl.cpp">
      <Filter>ソース ファイル\Tools</Filter>
    </ClCompile>
    <ClCompile Include="Weapon.cpp">
      <Filter>ソース ファイル\UnitHaving\Object</Filter>
    </ClCompile>
    <ClCompile Include="DamageCalculators.cpp">
      <Filter>ソース ファイル\UnitHaving\Explain</Filter>
    </ClCompile>
    <ClCompile Include="BattleSceneData.cpp">
      <Filter>ソース ファイル\GameScene\BattleScene</Filter>
    </ClCompile>
    <ClCompile Include="AttackScene.cpp">
      <Filter>ソース ファイル\GameScene\BattleScene</Filter>
    </ClCompile>
    <ClCompile Include="MoveScene.cpp">
      <Filter>ソース ファイル\GameScene\BattleScene</Filter>
    </ClCompile>
    <ClCompile Include="BattleSceneElement.cpp">
      <Filter>ソース ファイル\GameScene\BattleScene</Filter>
    </ClCompile>
    <ClCompile Include="PlayerMoveScene.cpp">
      <Filter>ソース ファイル\GameScene\BattleScene</Filter>
    </ClCompile>
    <ClCompile Include="SwitchUnitScene.cpp">
      <Filter>ソース ファイル\GameScene\BattleScene</Filter>
    </ClCompile>
    <ClCompile Include="ComputerMoveScene.cpp">
      <Filter>ソース ファイル\GameScene\BattleScene</Filter>
    </ClCompile>
    <ClCompile Include="MyPolygon.cpp">
      <Filter>ソース ファイル\Shape</Filter>
    </ClCompile>
    <ClCompile Include="ResearchScene.cpp">
      <Filter>ソース ファイル\GameScene\BattleScene</Filter>
    </ClCompile>
    <ClCompile Include="FileRead.cpp">
      <Filter>ソース ファイル\Tools</Filter>
    </ClCompile>
    <ClCompile Include="TitleScene.cpp">
      <Filter>ソース ファイル\GameScene\TitleScene</Filter>
    </ClCompile>
    <ClCompile Include="StageSelectScene.cpp">
      <Filter>ソース ファイル\GameScene\TitleScene</Filter>
    </ClCompile>
    <ClCompile Include="StageClearScene.cpp">
      <Filter>ソース ファイル\GameScene\BattleScene</Filter>
    </ClCompile>
    <ClCompile Include="CommonConstParameter.cpp">
      <Filter>ソース ファイル\Tools</Filter>
    </ClCompile>
    <ClCompile Include="GeneralPurposeResourceManager.cpp">
      <Filter>ソース ファイル\Tools</Filter>
    </ClCompile>
  </ItemGroup>
  <ItemGroup>
    <ClInclude Include="input.h">
      <Filter>ヘッダー ファイル\Tools</Filter>
    </ClInclude>
    <ClInclude Include="ToolsLib.h">
      <Filter>ヘッダー ファイル\Tools</Filter>
    </ClInclude>
    <ClInclude Include="Unit.h">
      <Filter>ヘッダー ファイル\BattleObject</Filter>
    </ClInclude>
    <ClInclude Include="..\FieldBase\Shape.h">
      <Filter>ヘッダー ファイル\Shape</Filter>
    </ClInclude>
    <ClInclude Include="..\FieldBase\ShapeHaving.h">
      <Filter>ヘッダー ファイル\Shape</Filter>
    </ClInclude>
    <ClInclude Include="..\FieldBase\Circle.h">
      <Filter>ヘッダー ファイル\Shape</Filter>
    </ClInclude>
    <ClInclude Include="..\FieldBase\Edge.h">
      <Filter>ヘッダー ファイル\Shape</Filter>
    </ClInclude>
    <ClInclude Include="..\StageEditor\BattleObject.h">
      <Filter>ヘッダー ファイル\BattleObject</Filter>
    </ClInclude>
    <ClInclude Include="..\StageEditor\Terrain.h">
      <Filter>ヘッダー ファイル\BattleObject</Filter>
    </ClInclude>
    <ClInclude Include="GameScene.h">
      <Filter>ヘッダー ファイル\GameScene</Filter>
    </ClInclude>
    <ClInclude Include="BattleScene.h">
      <Filter>ヘッダー ファイル\GameScene\BattleScene</Filter>
    </ClInclude>
    <ClInclude Include="GraphicControl.h">
      <Filter>ヘッダー ファイル\Tools</Filter>
    </ClInclude>
    <ClInclude Include="GraphicProgramming.h">
      <Filter>ヘッダー ファイル\Tools</Filter>
    </ClInclude>
    <ClInclude Include="Weapon.h">
      <Filter>ヘッダー ファイル\UnitHaving\Object</Filter>
    </ClInclude>
    <ClInclude Include="DamageCalculators.h">
      <Filter>ヘッダー ファイル\UnitHaving\Explain</Filter>
    </ClInclude>
    <ClInclude Include="BattleSceneData.h">
      <Filter>ヘッダー ファイル\GameScene\BattleScene</Filter>
    </ClInclude>
    <ClInclude Include="AttackScene.h">
      <Filter>ヘッダー ファイル\GameScene\BattleScene</Filter>
    </ClInclude>
    <ClInclude Include="MoveScene.h">
      <Filter>ヘッダー ファイル\GameScene\BattleScene</Filter>
    </ClInclude>
    <ClInclude Include="BattleSceneElement.h">
      <Filter>ヘッダー ファイル\GameScene\BattleScene</Filter>
    </ClInclude>
    <ClInclude Include="PlayerMoveScene.h">
      <Filter>ヘッダー ファイル\GameScene\BattleScene</Filter>
    </ClInclude>
    <ClInclude Include="ComputerMoveScene.h">
      <Filter>ヘッダー ファイル\GameScene\BattleScene</Filter>
    </ClInclude>
    <ClInclude Include="SwitchUnitScene.h">
      <Filter>ヘッダー ファイル\GameScene\BattleScene</Filter>
    </ClInclude>
    <ClInclude Include="MyPolygon.h">
      <Filter>ヘッダー ファイル\Shape</Filter>
    </ClInclude>
    <ClInclude Include="ResearchScene.h">
      <Filter>ヘッダー ファイル\GameScene\BattleScene</Filter>
    </ClInclude>
    <ClInclude Include="FileRead.h">
      <Filter>ヘッダー ファイル\Tools</Filter>
    </ClInclude>
    <ClInclude Include="TitleScene.h">
      <Filter>ヘッダー ファイル\GameScene\TitleScene</Filter>
    </ClInclude>
    <ClInclude Include="StageSelectScene.h">
      <Filter>ヘッダー ファイル\GameScene\TitleScene</Filter>
    </ClInclude>
    <ClInclude Include="StageClearSceme.h">
      <Filter>ヘッダー ファイル\GameScene\BattleScene</Filter>
    </ClInclude>
    <ClInclude Include="CommonConstParameter.h">
      <Filter>ヘッダー ファイル\Tools</Filter>
    </ClInclude>
    <ClInclude Include="GeneralPurposeResourceManager.h">
      <Filter>ヘッダー ファイル\Tools</Filter>
    </ClInclude>
  </ItemGroup>
</Project>